
Microsoft Visual Studio Solution File, Format Version 12.00
# Visual Studio 15
VisualStudioVersion = 15.0.28307.960
MinimumVisualStudioVersion = 10.0.40219.1
Project("{FAE04EC0-301F-11D3-BF4B-00C04F79EFBC}") = "VI_Home1", "VI_Home1\VI_Home1.csproj", "{95A96854-2E3E-49EC-B1F6-2E72C861D8C8}"
EndProject
Global
	GlobalSection(SolutionConfigurationPlatforms) = preSolution
		Debug|Any CPU = Debug|Any CPU
		Release|Any CPU = Release|Any CPU
	EndGlobalSection
	GlobalSection(ProjectConfigurationPlatforms) = postSolution
		{95A96854-2E3E-49EC-B1F6-2E72C861D8C8}.Debug|Any CPU.ActiveCfg = Debug|Any CPU
		{95A96854-2E3E-49EC-B1F6-2E72C861D8C8}.Debug|Any CPU.Build.0 = Debug|Any CPU
		{95A96854-2E3E-49EC-B1F6-2E72C861D8C8}.Release|Any CPU.ActiveCfg = Release|Any CPU
		{95A96854-2E3E-49EC-B1F6-2E72C861D8C8}.Release|Any CPU.Build.0 = Release|Any CPU
	EndGlobalSection
	GlobalSection(SolutionProperties) = preSolution
		HideSolutionNode = FALSE
	EndGlobalSection
	GlobalSection(ExtensibilityGlobals) = postSolution
		SolutionGuid = {D731B51C-9499-467E-9759-5A02FFF1BD8E}
	EndGlobalSection
EndGlobal
